{
  "name": "overmind",
  "version": "1.0.0-alpha1",
  "lockfileVersion": 1,
  "requires": true,
  "dependencies": {
    "@types/node": {
      "version": "10.12.21",
      "resolved": "https://registry.npmjs.org/@types/node/-/node-10.12.21.tgz",
      "integrity": "sha512-CBgLNk4o3XMnqMc0rhb6lc77IwShMEglz05deDcn2lQxyXEZivfwgYJu7SMha9V5XcrP6qZuevTHV/QrN2vjKQ=="
    },
    "betsy": {
      "version": "1.0.2-1549491474094",
      "resolved": "https://registry.npmjs.org/betsy/-/betsy-1.0.2-1549491474094.tgz",
      "integrity": "sha512-cGVNriv+mjpG0VDqqR+Xotk2nUQUhuWcIfR25Van1bqfNd78pInLcX65KTvC6r4K6SvpgK6okEh5AnaV0mn8tA==",
      "requires": {
        "@types/node": "^10.5.1",
        "tslib": "^1.9.3"
      }
    },
    "is-plain-obj": {
      "version": "1.1.0",
      "resolved": "https://registry.npmjs.org/is-plain-obj/-/is-plain-obj-1.1.0.tgz",
      "integrity": "sha1-caUMhCnfync8kqOQpKA7OfzVHT4="
    },
    "proxy-state-tree": {
      "version": "4.1.3-1549491474094",
      "resolved": "https://registry.npmjs.org/proxy-state-tree/-/proxy-state-tree-4.1.3-1549491474094.tgz",
      "integrity": "sha512-XBVUwKisaDJP/opgHAW0QjKfJfM3/x7ObiNsdzbiNIwjyq/VEtre6Uc0V+14zOq8ShA7HODwqv9pfoDG6hMyZA==",
      "requires": {
        "is-plain-obj": "^1.1.0"
      }
    },
    "tslib": {
      "version": "1.9.3",
      "resolved": "https://registry.npmjs.org/tslib/-/tslib-1.9.3.tgz",
      "integrity": "sha512-4krF8scpejhaOgqzBEcGM7yDIEfi0/8+8zDRZhNZZ2kjmHJ4hv3zCbQWxoJGz1iw5U0Jl0nma13xzHXcncMavQ=="
    }
  }
}
